
Microsoft Visual Studio Solution File, Format Version 12.00
# Visual Studio Version 17
VisualStudioVersion = 17.11.35312.102
MinimumVisualStudioVersion = 10.0.40219.1
Project("{2150E333-8FDC-42A3-9474-1A3956D46DE8}") = "Task0", "Task0", "{B7AA7F22-2741-48A7-BC2F-611C3E1C7E27}"
EndProject
Project("{FAE04EC0-301F-11D3-BF4B-00C04F79EFBC}") = "Tyuiu.KhuzinaDR.Sprint2.Task0.V23", "Tyuiu.KhuzinaDR.Sprint2.Task0.V23\Tyuiu.KhuzinaDR.Sprint2.Task0.V23.csproj", "{1B8A21A6-355D-4B66-A429-D30C1A0FFE7A}"
EndProject
Project("{FAE04EC0-301F-11D3-BF4B-00C04F79EFBC}") = "Tyuiu.KhuzinaDR.Sprint2.Task0.V23.Lib", "Tyuiu.KhuzinaDR.Sprint2.Task0.V23.Lib\Tyuiu.KhuzinaDR.Sprint2.Task0.V23.Lib.csproj", "{6A970089-8E28-44C9-A320-C010B8C172FD}"
EndProject
Project("{FAE04EC0-301F-11D3-BF4B-00C04F79EFBC}") = "Tyuiu.KhuzinaDR.Sprint2.Task0.V23.Test", "Tyuiu.KhuzinaDR.Sprint2.Task0.V23.Test\Tyuiu.KhuzinaDR.Sprint2.Task0.V23.Test.csproj", "{57F2A120-350B-48DD-B580-F38533C90AEB}"
EndProject
Project("{2150E333-8FDC-42A3-9474-1A3956D46DE8}") = "Task1", "Task1", "{14C63D63-B0F0-496B-BA19-45AB3C41D36D}"
EndProject
Project("{FAE04EC0-301F-11D3-BF4B-00C04F79EFBC}") = "Tyuiu.KhuzinaDR.Sprint2.Task1.V9", "Tyuiu.KhuzinaDR.Sprint2.Task1.V9\Tyuiu.KhuzinaDR.Sprint2.Task1.V9.csproj", "{148D95A2-FFBA-49CB-B8EE-444279682C44}"
EndProject
Project("{FAE04EC0-301F-11D3-BF4B-00C04F79EFBC}") = "Tyuiu.KhuzinaDR.Sprint2.Task1.V9.Lib", "Tyuiu.KhuzinaDR.Sprint2.Task1.V9.Lib\Tyuiu.KhuzinaDR.Sprint2.Task1.V9.Lib.csproj", "{C049B089-BB91-4505-A976-7FB1F5E17A1A}"
EndProject
Project("{FAE04EC0-301F-11D3-BF4B-00C04F79EFBC}") = "Tyuiu.KhuzinaDR.Sprint2.Task1.V9.Test", "Tyuiu.KhuzinaDR.Sprint2.Task1.V9.Test\Tyuiu.KhuzinaDR.Sprint2.Task1.V9.Test.csproj", "{AEF4C0EF-998B-43DB-8F6C-709384D2D7AC}"
EndProject
Project("{2150E333-8FDC-42A3-9474-1A3956D46DE8}") = "Task2", "Task2", "{CC0EED71-978C-49B2-B430-B4A51FE922BF}"
EndProject
Project("{FAE04EC0-301F-11D3-BF4B-00C04F79EFBC}") = "Tyuiu.KhuzinaDR.Sprint2.Task2.V14", "Tyuiu.KhuzinaDR.Sprint2.Task2.V14\Tyuiu.KhuzinaDR.Sprint2.Task2.V14.csproj", "{8FB252E8-D27F-4366-96F9-E6C32AE531BD}"
EndProject
Project("{FAE04EC0-301F-11D3-BF4B-00C04F79EFBC}") = "Tyuiu.KhuzinaDR.Sprint2.Task2.V14.Lib", "Tyuiu.KhuzinaDR.Sprint2.Task2.V14.Lib\Tyuiu.KhuzinaDR.Sprint2.Task2.V14.Lib.csproj", "{70392ED8-D053-488E-A74E-182D1D3FB93F}"
EndProject
Project("{FAE04EC0-301F-11D3-BF4B-00C04F79EFBC}") = "Tyuiu.KhuzinaDR.Sprint2.Task2.V14.Test", "Tyuiu.KhuzinaDR.Sprint2.Task2.V14.Test\Tyuiu.KhuzinaDR.Sprint2.Task2.V14.Test.csproj", "{30714938-C2E5-4516-A17C-687732A934CB}"
EndProject
Global
	GlobalSection(SolutionConfigurationPlatforms) = preSolution
		Debug|Any CPU = Debug|Any CPU
		Release|Any CPU = Release|Any CPU
	EndGlobalSection
	GlobalSection(ProjectConfigurationPlatforms) = postSolution
		{1B8A21A6-355D-4B66-A429-D30C1A0FFE7A}.Debug|Any CPU.ActiveCfg = Debug|Any CPU
		{1B8A21A6-355D-4B66-A429-D30C1A0FFE7A}.Debug|Any CPU.Build.0 = Debug|Any CPU
		{1B8A21A6-355D-4B66-A429-D30C1A0FFE7A}.Release|Any CPU.ActiveCfg = Release|Any CPU
		{1B8A21A6-355D-4B66-A429-D30C1A0FFE7A}.Release|Any CPU.Build.0 = Release|Any CPU
		{6A970089-8E28-44C9-A320-C010B8C172FD}.Debug|Any CPU.ActiveCfg = Debug|Any CPU
		{6A970089-8E28-44C9-A320-C010B8C172FD}.Debug|Any CPU.Build.0 = Debug|Any CPU
		{6A970089-8E28-44C9-A320-C010B8C172FD}.Release|Any CPU.ActiveCfg = Release|Any CPU
		{6A970089-8E28-44C9-A320-C010B8C172FD}.Release|Any CPU.Build.0 = Release|Any CPU
		{57F2A120-350B-48DD-B580-F38533C90AEB}.Debug|Any CPU.ActiveCfg = Debug|Any CPU
		{57F2A120-350B-48DD-B580-F38533C90AEB}.Debug|Any CPU.Build.0 = Debug|Any CPU
		{57F2A120-350B-48DD-B580-F38533C90AEB}.Release|Any CPU.ActiveCfg = Release|Any CPU
		{57F2A120-350B-48DD-B580-F38533C90AEB}.Release|Any CPU.Build.0 = Release|Any CPU
		{148D95A2-FFBA-49CB-B8EE-444279682C44}.Debug|Any CPU.ActiveCfg = Debug|Any CPU
		{148D95A2-FFBA-49CB-B8EE-444279682C44}.Debug|Any CPU.Build.0 = Debug|Any CPU
		{148D95A2-FFBA-49CB-B8EE-444279682C44}.Release|Any CPU.ActiveCfg = Release|Any CPU
		{148D95A2-FFBA-49CB-B8EE-444279682C44}.Release|Any CPU.Build.0 = Release|Any CPU
		{C049B089-BB91-4505-A976-7FB1F5E17A1A}.Debug|Any CPU.ActiveCfg = Debug|Any CPU
		{C049B089-BB91-4505-A976-7FB1F5E17A1A}.Debug|Any CPU.Build.0 = Debug|Any CPU
		{C049B089-BB91-4505-A976-7FB1F5E17A1A}.Release|Any CPU.ActiveCfg = Release|Any CPU
		{C049B089-BB91-4505-A976-7FB1F5E17A1A}.Release|Any CPU.Build.0 = Release|Any CPU
		{AEF4C0EF-998B-43DB-8F6C-709384D2D7AC}.Debug|Any CPU.ActiveCfg = Debug|Any CPU
		{AEF4C0EF-998B-43DB-8F6C-709384D2D7AC}.Debug|Any CPU.Build.0 = Debug|Any CPU
		{AEF4C0EF-998B-43DB-8F6C-709384D2D7AC}.Release|Any CPU.ActiveCfg = Release|Any CPU
		{AEF4C0EF-998B-43DB-8F6C-709384D2D7AC}.Release|Any CPU.Build.0 = Release|Any CPU
		{8FB252E8-D27F-4366-96F9-E6C32AE531BD}.Debug|Any CPU.ActiveCfg = Debug|Any CPU
		{8FB252E8-D27F-4366-96F9-E6C32AE531BD}.Debug|Any CPU.Build.0 = Debug|Any CPU
		{8FB252E8-D27F-4366-96F9-E6C32AE531BD}.Release|Any CPU.ActiveCfg = Release|Any CPU
		{8FB252E8-D27F-4366-96F9-E6C32AE531BD}.Release|Any CPU.Build.0 = Release|Any CPU
		{70392ED8-D053-488E-A74E-182D1D3FB93F}.Debug|Any CPU.ActiveCfg = Debug|Any CPU
		{70392ED8-D053-488E-A74E-182D1D3FB93F}.Debug|Any CPU.Build.0 = Debug|Any CPU
		{70392ED8-D053-488E-A74E-182D1D3FB93F}.Release|Any CPU.ActiveCfg = Release|Any CPU
		{70392ED8-D053-488E-A74E-182D1D3FB93F}.Release|Any CPU.Build.0 = Release|Any CPU
		{30714938-C2E5-4516-A17C-687732A934CB}.Debug|Any CPU.ActiveCfg = Debug|Any CPU
		{30714938-C2E5-4516-A17C-687732A934CB}.Debug|Any CPU.Build.0 = Debug|Any CPU
		{30714938-C2E5-4516-A17C-687732A934CB}.Release|Any CPU.ActiveCfg = Release|Any CPU
		{30714938-C2E5-4516-A17C-687732A934CB}.Release|Any CPU.Build.0 = Release|Any CPU
	EndGlobalSection
	GlobalSection(SolutionProperties) = preSolution
		HideSolutionNode = FALSE
	EndGlobalSection
	GlobalSection(NestedProjects) = preSolution
		{1B8A21A6-355D-4B66-A429-D30C1A0FFE7A} = {B7AA7F22-2741-48A7-BC2F-611C3E1C7E27}
		{6A970089-8E28-44C9-A320-C010B8C172FD} = {B7AA7F22-2741-48A7-BC2F-611C3E1C7E27}
		{57F2A120-350B-48DD-B580-F38533C90AEB} = {B7AA7F22-2741-48A7-BC2F-611C3E1C7E27}
		{148D95A2-FFBA-49CB-B8EE-444279682C44} = {14C63D63-B0F0-496B-BA19-45AB3C41D36D}
		{C049B089-BB91-4505-A976-7FB1F5E17A1A} = {14C63D63-B0F0-496B-BA19-45AB3C41D36D}
		{AEF4C0EF-998B-43DB-8F6C-709384D2D7AC} = {14C63D63-B0F0-496B-BA19-45AB3C41D36D}
		{8FB252E8-D27F-4366-96F9-E6C32AE531BD} = {CC0EED71-978C-49B2-B430-B4A51FE922BF}
		{70392ED8-D053-488E-A74E-182D1D3FB93F} = {CC0EED71-978C-49B2-B430-B4A51FE922BF}
		{30714938-C2E5-4516-A17C-687732A934CB} = {CC0EED71-978C-49B2-B430-B4A51FE922BF}
	EndGlobalSection
	GlobalSection(ExtensibilityGlobals) = postSolution
		SolutionGuid = {D38BA355-A9BB-4F03-B845-D107B49F5C4E}
	EndGlobalSection
EndGlobal
